// !$*UTF8*$!
{
	archiveVersion = 1;
	classes = {
	};
	objectVersion = 46;
	objects = {

/* Begin PBXBuildFile section */
		A1B72E8E1A1CD7260018ED51 /* JXAddressBook.m in Sources */ = {isa = PBXBuildFile; fileRef = A1B72E8B1A1CD7260018ED51 /* JXAddressBook.m */; };
		A1B72E8F1A1CD7260018ED51 /* JXPersonInfo.m in Sources */ = {isa = PBXBuildFile; fileRef = A1B72E8D1A1CD7260018ED51 /* JXPersonInfo.m */; };
		A1C8897F199DF4A800A3FEC3 /* Foundation.framework in Frameworks */ = {isa = PBXBuildFile; fileRef = A1C8897E199DF4A800A3FEC3 /* Foundation.framework */; };
		A1C88981199DF4A800A3FEC3 /* CoreGraphics.framework in Frameworks */ = {isa = PBXBuildFile; fileRef = A1C88980199DF4A800A3FEC3 /* CoreGraphics.framework */; };
		A1C88983199DF4A800A3FEC3 /* UIKit.framework in Frameworks */ = {isa = PBXBuildFile; fileRef = A1C88982199DF4A800A3FEC3 /* UIKit.framework */; };
		A1C88989199DF4A800A3FEC3 /* InfoPlist.strings in Resources */ = {isa = PBXBuildFile; fileRef = A1C88987199DF4A800A3FEC3 /* InfoPlist.strings */; };
		A1C8898B199DF4A800A3FEC3 /* main.m in Sources */ = {isa = PBXBuildFile; fileRef = A1C8898A199DF4A800A3FEC3 /* main.m */; };
		A1C8898F199DF4A800A3FEC3 /* AppDelegate.m in Sources */ = {isa = PBXBuildFile; fileRef = A1C8898E199DF4A800A3FEC3 /* AppDelegate.m */; };
		A1C88991199DF4A800A3FEC3 /* Images.xcassets in Resources */ = {isa = PBXBuildFile; fileRef = A1C88990199DF4A800A3FEC3 /* Images.xcassets */; };
		A1C88998199DF4A800A3FEC3 /* XCTest.framework in Frameworks */ = {isa = PBXBuildFile; fileRef = A1C88997199DF4A800A3FEC3 /* XCTest.framework */; };
		A1C88999199DF4A800A3FEC3 /* Foundation.framework in Frameworks */ = {isa = PBXBuildFile; fileRef = A1C8897E199DF4A800A3FEC3 /* Foundation.framework */; };
		A1C8899A199DF4A800A3FEC3 /* UIKit.framework in Frameworks */ = {isa = PBXBuildFile; fileRef = A1C88982199DF4A800A3FEC3 /* UIKit.framework */; };
		A1C889A2199DF4A800A3FEC3 /* InfoPlist.strings in Resources */ = {isa = PBXBuildFile; fileRef = A1C889A0199DF4A800A3FEC3 /* InfoPlist.strings */; };
		A1C889A4199DF4A800A3FEC3 /* JXAdressBookDemoTests.m in Sources */ = {isa = PBXBuildFile; fileRef = A1C889A3199DF4A800A3FEC3 /* JXAdressBookDemoTests.m */; };
		A1C889B6199DF4D300A3FEC3 /* HomeViewController.m in Sources */ = {isa = PBXBuildFile; fileRef = A1C889B5199DF4D300A3FEC3 /* HomeViewController.m */; };
		A1C889B8199DF5E800A3FEC3 /* Main.storyboard in Resources */ = {isa = PBXBuildFile; fileRef = A1C889B7199DF5E800A3FEC3 /* Main.storyboard */; };
/* End PBXBuildFile section */

/* Begin PBXContainerItemProxy section */
		A1C8899B199DF4A800A3FEC3 /* PBXContainerItemProxy */ = {
			isa = PBXContainerItemProxy;
			containerPortal = A1C88973199DF4A800A3FEC3 /* Project object */;
			proxyType = 1;
			remoteGlobalIDString = A1C8897A199DF4A800A3FEC3;
			remoteInfo = JXAdressBookDemo;
		};
/* End PBXContainerItemProxy section */

/* Begin PBXFileReference section */
		A1B72E8A1A1CD7260018ED51 /* JXAddressBook.h */ = {isa = PBXFileReference; fileEncoding = 4; lastKnownFileType = sourcecode.c.h; path = JXAddressBook.h; sourceTree = "<group>"; };
		A1B72E8B1A1CD7260018ED51 /* JXAddressBook.m */ = {isa = PBXFileReference; fileEncoding = 4; lastKnownFileType = sourcecode.c.objc; path = JXAddressBook.m; sourceTree = "<group>"; };
		A1B72E8C1A1CD7260018ED51 /* JXPersonInfo.h */ = {isa = PBXFileReference; fileEncoding = 4; lastKnownFileType = sourcecode.c.h; path = JXPersonInfo.h; sourceTree = "<group>"; };
		A1B72E8D1A1CD7260018ED51 /* JXPersonInfo.m */ = {isa = PBXFileReference; fileEncoding = 4; lastKnownFileType = sourcecode.c.objc; path = JXPersonInfo.m; sourceTree = "<group>"; };
		A1C8897B199DF4A800A3FEC3 /* JXAdressBookDemo.app */ = {isa = PBXFileReference; explicitFileType = wrapper.application; includeInIndex = 0; path = JXAdressBookDemo.app; sourceTree = BUILT_PRODUCTS_DIR; };
		A1C8897E199DF4A800A3FEC3 /* Foundation.framework */ = {isa = PBXFileReference; lastKnownFileType = wrapper.framework; name = Foundation.framework; path = System/Library/Frameworks/Foundation.framework; sourceTree = SDKROOT; };
		A1C88980199DF4A800A3FEC3 /* CoreGraphics.framework */ = {isa = PBXFileReference; lastKnownFileType = wrapper.framework; name = CoreGraphics.framework; path = System/Library/Frameworks/CoreGraphics.framework; sourceTree = SDKROOT; };
		A1C88982199DF4A800A3FEC3 /* UIKit.framework */ = {isa = PBXFileReference; lastKnownFileType = wrapper.framework; name = UIKit.framework; path = System/Library/Frameworks/UIKit.framework; sourceTree = SDKROOT; };
		A1C88986199DF4A800A3FEC3 /* JXAdressBookDemo-Info.plist */ = {isa = PBXFileReference; lastKnownFileType = text.plist.xml; path = "JXAdressBookDemo-Info.plist"; sourceTree = "<group>"; };
		A1C88988199DF4A800A3FEC3 /* en */ = {isa = PBXFileReference; lastKnownFileType = text.plist.strings; name = en; path = en.lproj/InfoPlist.strings; sourceTree = "<group>"; };
		A1C8898A199DF4A800A3FEC3 /* main.m */ = {isa = PBXFileReference; lastKnownFileType = sourcecode.c.objc; path = main.m; sourceTree = "<group>"; };
		A1C8898C199DF4A800A3FEC3 /* JXAdressBookDemo-Prefix.pch */ = {isa = PBXFileReference; lastKnownFileType = sourcecode.c.h; path = "JXAdressBookDemo-Prefix.pch"; sourceTree = "<group>"; };
		A1C8898D199DF4A800A3FEC3 /* AppDelegate.h */ = {isa = PBXFileReference; lastKnownFileType = sourcecode.c.h; path = AppDelegate.h; sourceTree = "<group>"; };
		A1C8898E199DF4A800A3FEC3 /* AppDelegate.m */ = {isa = PBXFileReference; lastKnownFileType = sourcecode.c.objc; path = AppDelegate.m; sourceTree = "<group>"; };
		A1C88990199DF4A800A3FEC3 /* Images.xcassets */ = {isa = PBXFileReference; lastKnownFileType = folder.assetcatalog; path = Images.xcassets; sourceTree = "<group>"; };
		A1C88996199DF4A800A3FEC3 /* JXAdressBookDemoTests.xctest */ = {isa = PBXFileReference; explicitFileType = wrapper.cfbundle; includeInIndex = 0; path = JXAdressBookDemoTests.xctest; sourceTree = BUILT_PRODUCTS_DIR; };
		A1C88997199DF4A800A3FEC3 /* XCTest.framework */ = {isa = PBXFileReference; lastKnownFileType = wrapper.framework; name = XCTest.framework; path = Library/Frameworks/XCTest.framework; sourceTree = DEVELOPER_DIR; };
		A1C8899F199DF4A800A3FEC3 /* JXAdressBookDemoTests-Info.plist */ = {isa = PBXFileReference; lastKnownFileType = text.plist.xml; path = "JXAdressBookDemoTests-Info.plist"; sourceTree = "<group>"; };
		A1C889A1199DF4A800A3FEC3 /* en */ = {isa = PBXFileReference; lastKnownFileType = text.plist.strings; name = en; path = en.lproj/InfoPlist.strings; sourceTree = "<group>"; };
		A1C889A3199DF4A800A3FEC3 /* JXAdressBookDemoTests.m */ = {isa = PBXFileReference; lastKnownFileType = sourcecode.c.objc; path = JXAdressBookDemoTests.m; sourceTree = "<group>"; };
		A1C889B4199DF4D300A3FEC3 /* HomeViewController.h */ = {isa = PBXFileReference; fileEncoding = 4; lastKnownFileType = sourcecode.c.h; path = HomeViewController.h; sourceTree = "<group>"; };
		A1C889B5199DF4D300A3FEC3 /* HomeViewController.m */ = {isa = PBXFileReference; fileEncoding = 4; lastKnownFileType = sourcecode.c.objc; path = HomeViewController.m; sourceTree = "<group>"; };
		A1C889B7199DF5E800A3FEC3 /* Main.storyboard */ = {isa = PBXFileReference; fileEncoding = 4; lastKnownFileType = file.storyboard; path = Main.storyboard; sourceTree = "<group>"; };
/* End PBXFileReference section */

/* Begin PBXFrameworksBuildPhase section */
		A1C88978199DF4A800A3FEC3 /* Frameworks */ = {
			isa = PBXFrameworksBuildPhase;
			buildActionMask = 2147483647;
			files = (
				A1C88981199DF4A800A3FEC3 /* CoreGraphics.framework in Frameworks */,
				A1C88983199DF4A800A3FEC3 /* UIKit.framework in Frameworks */,
				A1C8897F199DF4A800A3FEC3 /* Foundation.framework in Frameworks */,
			);
			runOnlyForDeploymentPostprocessing = 0;
		};
		A1C88993199DF4A800A3FEC3 /* Frameworks */ = {
			isa = PBXFrameworksBuildPhase;
			buildActionMask = 2147483647;
			files = (
				A1C88998199DF4A800A3FEC3 /* XCTest.framework in Frameworks */,
				A1C8899A199DF4A800A3FEC3 /* UIKit.framework in Frameworks */,
				A1C88999199DF4A800A3FEC3 /* Foundation.framework in Frameworks */,
			);
			runOnlyForDeploymentPostprocessing = 0;
		};
/* End PBXFrameworksBuildPhase section */

/* Begin PBXGroup section */
		A1B72E891A1CD7260018ED51 /* src */ = {
			isa = PBXGroup;
			children = (
				A1B72E8A1A1CD7260018ED51 /* JXAddressBook.h */,
				A1B72E8B1A1CD7260018ED51 /* JXAddressBook.m */,
				A1B72E8C1A1CD7260018ED51 /* JXPersonInfo.h */,
				A1B72E8D1A1CD7260018ED51 /* JXPersonInfo.m */,
			);
			name = src;
			path = ../../src;
			sourceTree = "<group>";
		};
		A1C88972199DF4A800A3FEC3 = {
			isa = PBXGroup;
			children = (
				A1B72E891A1CD7260018ED51 /* src */,
				A1C88984199DF4A800A3FEC3 /* JXAdressBookDemo */,
				A1C8899D199DF4A800A3FEC3 /* JXAdressBookDemoTests */,
				A1C8897D199DF4A800A3FEC3 /* Frameworks */,
				A1C8897C199DF4A800A3FEC3 /* Products */,
			);
			sourceTree = "<group>";
		};
		A1C8897C199DF4A800A3FEC3 /* Products */ = {
			isa = PBXGroup;
			children = (
				A1C8897B199DF4A800A3FEC3 /* JXAdressBookDemo.app */,
				A1C88996199DF4A800A3FEC3 /* JXAdressBookDemoTests.xctest */,
			);
			name = Products;
			sourceTree = "<group>";
		};
		A1C8897D199DF4A800A3FEC3 /* Frameworks */ = {
			isa = PBXGroup;
			children = (
				A1C8897E199DF4A800A3FEC3 /* Foundation.framework */,
				A1C88980199DF4A800A3FEC3 /* CoreGraphics.framework */,
				A1C88982199DF4A800A3FEC3 /* UIKit.framework */,
				A1C88997199DF4A800A3FEC3 /* XCTest.framework */,
			);
			name = Frameworks;
			sourceTree = "<group>";
		};
		A1C88984199DF4A800A3FEC3 /* JXAdressBookDemo */ = {
			isa = PBXGroup;
			children = (
				A1C8898D199DF4A800A3FEC3 /* AppDelegate.h */,
				A1C8898E199DF4A800A3FEC3 /* AppDelegate.m */,
				A1C889B4199DF4D300A3FEC3 /* HomeViewController.h */,
				A1C889B5199DF4D300A3FEC3 /* HomeViewController.m */,
				A1C88990199DF4A800A3FEC3 /* Images.xcassets */,
				A1C88985199DF4A800A3FEC3 /* Supporting Files */,
			);
			path = JXAdressBookDemo;
			sourceTree = "<group>";
		};
		A1C88985199DF4A800A3FEC3 /* Supporting Files */ = {
			isa = PBXGroup;
			children = (
				A1C88986199DF4A800A3FEC3 /* JXAdressBookDemo-Info.plist */,
				A1C88987199DF4A800A3FEC3 /* InfoPlist.strings */,
				A1C8898A199DF4A800A3FEC3 /* main.m */,
				A1C8898C199DF4A800A3FEC3 /* JXAdressBookDemo-Prefix.pch */,
				A1C889B7199DF5E800A3FEC3 /* Main.storyboard */,
			);
			name = "Supporting Files";
			sourceTree = "<group>";
		};
		A1C8899D199DF4A800A3FEC3 /* JXAdressBookDemoTests */ = {
			isa = PBXGroup;
			children = (
				A1C889A3199DF4A800A3FEC3 /* JXAdressBookDemoTests.m */,
				A1C8899E199DF4A800A3FEC3 /* Supporting Files */,
			);
			path = JXAdressBookDemoTests;
			sourceTree = "<group>";
		};
		A1C8899E199DF4A800A3FEC3 /* Supporting Files */ = {
			isa = PBXGroup;
			children = (
				A1C8899F199DF4A800A3FEC3 /* JXAdressBookDemoTests-Info.plist */,
				A1C889A0199DF4A800A3FEC3 /* InfoPlist.strings */,
			);
			name = "Supporting Files";
			sourceTree = "<group>";
		};
/* End PBXGroup section */

/* Begin PBXNativeTarget section */
		A1C8897A199DF4A800A3FEC3 /* JXAdressBookDemo */ = {
			isa = PBXNativeTarget;
			buildConfigurationList = A1C889A7199DF4A900A3FEC3 /* Build configuration list for PBXNativeTarget "JXAdressBookDemo" */;
			buildPhases = (
				A1C88977199DF4A800A3FEC3 /* Sources */,
				A1C88978199DF4A800A3FEC3 /* Frameworks */,
				A1C88979199DF4A800A3FEC3 /* Resources */,
			);
			buildRules = (
			);
			dependencies = (
			);
			name = JXAdressBookDemo;
			productName = JXAdressBookDemo;
			productReference = A1C8897B199DF4A800A3FEC3 /* JXAdressBookDemo.app */;
			productType = "com.apple.product-type.application";
		};
		A1C88995199DF4A800A3FEC3 /* JXAdressBookDemoTests */ = {
			isa = PBXNativeTarget;
			buildConfigurationList = A1C889AA199DF4A900A3FEC3 /* Build configuration list for PBXNativeTarget "JXAdressBookDemoTests" */;
			buildPhases = (
				A1C88992199DF4A800A3FEC3 /* Sources */,
				A1C88993199DF4A800A3FEC3 /* Frameworks */,
				A1C88994199DF4A800A3FEC3 /* Resources */,
			);
			buildRules = (
			);
			dependencies = (
				A1C8899C199DF4A800A3FEC3 /* PBXTargetDependency */,
			);
			name = JXAdressBookDemoTests;
			productName = JXAdressBookDemoTests;
			productReference = A1C88996199DF4A800A3FEC3 /* JXAdressBookDemoTests.xctest */;
			productType = "com.apple.product-type.bundle.unit-test";
		};
/* End PBXNativeTarget section */

/* Begin PBXProject section */
		A1C88973199DF4A800A3FEC3 /* Project object */ = {
			isa = PBXProject;
			attributes = {
				LastUpgradeCheck = 0510;
				ORGANIZATIONNAME = "JianXiang Jin";
				TargetAttributes = {
					A1C88995199DF4A800A3FEC3 = {
						TestTargetID = A1C8897A199DF4A800A3FEC3;
					};
				};
			};
			buildConfigurationList = A1C88976199DF4A800A3FEC3 /* Build configuration list for PBXProject "JXAdressBookDemo" */;
			compatibilityVersion = "Xcode 3.2";
			developmentRegion = English;
			hasScannedForEncodings = 0;
			knownRegions = (
				en,
			);
			mainGroup = A1C88972199DF4A800A3FEC3;
			productRefGroup = A1C8897C199DF4A800A3FEC3 /* Products */;
			projectDirPath = "";
			projectRoot = "";
			targets = (
				A1C8897A199DF4A800A3FEC3 /* JXAdressBookDemo */,
				A1C88995199DF4A800A3FEC3 /* JXAdressBookDemoTests */,
			);
		};
/* End PBXProject section */

/* Begin PBXResourcesBuildPhase section */
		A1C88979199DF4A800A3FEC3 /* Resources */ = {
			isa = PBXResourcesBuildPhase;
			buildActionMask = 2147483647;
			files = (
				A1C88989199DF4A800A3FEC3 /* InfoPlist.strings in Resources */,
				A1C88991199DF4A800A3FEC3 /* Images.xcassets in Resources */,
				A1C889B8199DF5E800A3FEC3 /* Main.storyboard in Resources */,
			);
			runOnlyForDeploymentPostprocessing = 0;
		};
		A1C88994199DF4A800A3FEC3 /* Resources */ = {
			isa = PBXResourcesBuildPhase;
			buildActionMask = 2147483647;
			files = (
				A1C889A2199DF4A800A3FEC3 /* InfoPlist.strings in Resources */,
			);
			runOnlyForDeploymentPostprocessing = 0;
		};
/* End PBXResourcesBuildPhase section */

/* Begin PBXSourcesBuildPhase section */
		A1C88977199DF4A800A3FEC3 /* Sources */ = {
			isa = PBXSourcesBuildPhase;
			buildActionMask = 2147483647;
			files = (
				A1C8898F199DF4A800A3FEC3 /* AppDelegate.m in Sources */,
				A1B72E8E1A1CD7260018ED51 /* JXAddressBook.m in Sources */,
				A1B72E8F1A1CD7260018ED51 /* JXPersonInfo.m in Sources */,
				A1C889B6199DF4D300A3FEC3 /* HomeViewController.m in Sources */,
				A1C8898B199DF4A800A3FEC3 /* main.m in Sources */,
			);
			runOnlyForDeploymentPostprocessing = 0;
		};
		A1C88992199DF4A800A3FEC3 /* Sources */ = {
			isa = PBXSourcesBuildPhase;
			buildActionMask = 2147483647;
			files = (
				A1C889A4199DF4A800A3FEC3 /* JXAdressBookDemoTests.m in Sources */,
			);
			runOnlyForDeploymentPostprocessing = 0;
		};
/* End PBXSourcesBuildPhase section */

/* Begin PBXTargetDependency section */
		A1C8899C199DF4A800A3FEC3 /* PBXTargetDependency */ = {
			isa = PBXTargetDependency;
			target = A1C8897A199DF4A800A3FEC3 /* JXAdressBookDemo */;
			targetProxy = A1C8899B199DF4A800A3FEC3 /* PBXContainerItemProxy */;
		};
/* End PBXTargetDependency section */

/* Begin PBXVariantGroup section */
		A1C88987199DF4A800A3FEC3 /* InfoPlist.strings */ = {
			isa = PBXVariantGroup;
			children = (
				A1C88988199DF4A800A3FEC3 /* en */,
			);
			name = InfoPlist.strings;
			sourceTree = "<group>";
		};
		A1C889A0199DF4A800A3FEC3 /* InfoPlist.strings */ = {
			isa = PBXVariantGroup;
			children = (
				A1C889A1199DF4A800A3FEC3 /* en */,
			);
			name = InfoPlist.strings;
			sourceTree = "<group>";
		};
/* End PBXVariantGroup section */

/* Begin XCBuildConfiguration section */
		A1C889A5199DF4A900A3FEC3 /* Debug */ = {
			isa = XCBuildConfiguration;
			buildSettings = {
				ALWAYS_SEARCH_USER_PATHS = NO;
				CLANG_CXX_LANGUAGE_STANDARD = "gnu++0x";
				CLANG_CXX_LIBRARY = "libc++";
				CLANG_ENABLE_MODULES = YES;
				CLANG_ENABLE_OBJC_ARC = YES;
				CLANG_WARN_BOOL_CONVERSION = YES;
				CLANG_WARN_CONSTANT_CONVERSION = YES;
				CLANG_WARN_DIRECT_OBJC_ISA_USAGE = YES_ERROR;
				CLANG_WARN_EMPTY_BODY = YES;
				CLANG_WARN_ENUM_CONVERSION = YES;
				CLANG_WARN_INT_CONVERSION = YES;
				CLANG_WARN_OBJC_ROOT_CLASS = YES_ERROR;
				CLANG_WARN__DUPLICATE_METHOD_MATCH = YES;
				"CODE_SIGN_IDENTITY[sdk=iphoneos*]" = "iPhone Developer";
				COPY_PHASE_STRIP = NO;
				GCC_C_LANGUAGE_STANDARD = gnu99;
				GCC_DYNAMIC_NO_PIC = NO;
				GCC_OPTIMIZATION_LEVEL = 0;
				GCC_PREPROCESSOR_DEFINITIONS = (
					"DEBUG=1",
					"$(inherited)",
				);
				GCC_SYMBOLS_PRIVATE_EXTERN = NO;
				GCC_WARN_64_TO_32_BIT_CONVERSION = YES;
				GCC_WARN_ABOUT_RETURN_TYPE = YES_ERROR;
				GCC_WARN_UNDECLARED_SELECTOR = YES;
				GCC_WARN_UNINITIALIZED_AUTOS = YES_AGGRESSIVE;
				GCC_WARN_UNUSED_FUNCTION = YES;
				GCC_WARN_UNUSED_VARIABLE = YES;
				IPHONEOS_DEPLOYMENT_TARGET = 7.1;
				ONLY_ACTIVE_ARCH = YES;
				SDKROOT = iphoneos;
			};
			name = Debug;
		};
		A1C889A6199DF4A900A3FEC3 /* Release */ = {
			isa = XCBuildConfiguration;
			buildSettings = {
				ALWAYS_SEARCH_USER_PATHS = NO;
				CLANG_CXX_LANGUAGE_STANDARD = "gnu++0x";
				CLANG_CXX_LIBRARY = "libc++";
				CLANG_ENABLE_MODULES = YES;
				CLANG_ENABLE_OBJC_ARC = YES;
				CLANG_WARN_BOOL_CONVERSION = YES;
				CLANG_WARN_CONSTANT_CONVERSION = YES;
				CLANG_WARN_DIRECT_OBJC_ISA_USAGE = YES_ERROR;
				CLANG_WARN_EMPTY_BODY = YES;
				CLANG_WARN_ENUM_CONVERSION = YES;
				CLANG_WARN_INT_CONVERSION = YES;
				CLANG_WARN_OBJC_ROOT_CLASS = YES_ERROR;
				CLANG_WARN__DUPLICATE_METHOD_MATCH = YES;
				"CODE_SIGN_IDENTITY[sdk=iphoneos*]" = "iPhone Developer";
				COPY_PHASE_STRIP = YES;
				ENABLE_NS_ASSERTIONS = NO;
				GCC_C_LANGUAGE_STANDARD = gnu99;
				GCC_WARN_64_TO_32_BIT_CONVERSION = YES;
				GCC_WARN_ABOUT_RETURN_TYPE = YES_ERROR;
				GCC_WARN_UNDECLARED_SELECTOR = YES;
				GCC_WARN_UNINITIALIZED_AUTOS = YES_AGGRESSIVE;
				GCC_WARN_UNUSED_FUNCTION = YES;
				GCC_WARN_UNUSED_VARIABLE = YES;
				IPHONEOS_DEPLOYMENT_TARGET = 7.1;
				SDKROOT = iphoneos;
				VALIDATE_PRODUCT = YES;
			};
			name = Release;
		};
		A1C889A8199DF4A900A3FEC3 /* Debug */ = {
			isa = XCBuildConfiguration;
			buildSettings = {
				ASSETCATALOG_COMPILER_APPICON_NAME = AppIcon;
				ASSETCATALOG_COMPILER_LAUNCHIMAGE_NAME = LaunchImage;
				CODE_SIGN_IDENTITY = "iPhone Developer: shilong sang (9T3353N28G)";
				GCC_PRECOMPILE_PREFIX_HEADER = YES;
				GCC_PREFIX_HEADER = "JXAdressBookDemo/JXAdressBookDemo-Prefix.pch";
				INFOPLIST_FILE = "JXAdressBookDemo/JXAdressBookDemo-Info.plist";
				PRODUCT_NAME = "$(TARGET_NAME)";
				PROVISIONING_PROFILE = "36B1DC77-1673-45DD-B99E-D1F6F3D5FAE5";
				WRAPPER_EXTENSION = app;
			};
			name = Debug;
		};
		A1C889A9199DF4A900A3FEC3 /* Release */ = {
			isa = XCBuildConfiguration;
			buildSettings = {
				ASSETCATALOG_COMPILER_APPICON_NAME = AppIcon;
				ASSETCATALOG_COMPILER_LAUNCHIMAGE_NAME = LaunchImage;
				CODE_SIGN_IDENTITY = "iPhone Developer: shilong sang (9T3353N28G)";
				GCC_PRECOMPILE_PREFIX_HEADER = YES;
				GCC_PREFIX_HEADER = "JXAdressBookDemo/JXAdressBookDemo-Prefix.pch";
				INFOPLIST_FILE = "JXAdressBookDemo/JXAdressBookDemo-Info.plist";
				PRODUCT_NAME = "$(TARGET_NAME)";
				PROVISIONING_PROFILE = "36B1DC77-1673-45DD-B99E-D1F6F3D5FAE5";
				WRAPPER_EXTENSION = app;
			};
			name = Release;
		};
		A1C889AB199DF4A900A3FEC3 /* Debug */ = {
			isa = XCBuildConfiguration;
			buildSettings = {
				BUNDLE_LOADER = "$(BUILT_PRODUCTS_DIR)/JXAdressBookDemo.app/JXAdressBookDemo";
				FRAMEWORK_SEARCH_PATHS = (
					"$(SDKROOT)/Developer/Library/Frameworks",
					"$(inherited)",
					"$(DEVELOPER_FRAMEWORKS_DIR)",
				);
				GCC_PRECOMPILE_PREFIX_HEADER = YES;
				GCC_PREFIX_HEADER = "JXAdressBookDemo/JXAdressBookDemo-Prefix.pch";
				GCC_PREPROCESSOR_DEFINITIONS = (
					"DEBUG=1",
					"$(inherited)",
				);
				INFOPLIST_FILE = "JXAdressBookDemoTests/JXAdressBookDemoTests-Info.plist";
				PRODUCT_NAME = "$(TARGET_NAME)";
				TEST_HOST = "$(BUNDLE_LOADER)";
				WRAPPER_EXTENSION = xctest;
			};
			name = Debug;
		};
		A1C889AC199DF4A900A3FEC3 /* Release */ = {
			isa = XCBuildConfiguration;
			buildSettings = {
				BUNDLE_LOADER = "$(BUILT_PRODUCTS_DIR)/JXAdressBookDemo.app/JXAdressBookDemo";
				FRAMEWORK_SEARCH_PATHS = (
					"$(SDKROOT)/Developer/Library/Frameworks",
					"$(inherited)",
					"$(DEVELOPER_FRAMEWORKS_DIR)",
				);
				GCC_PRECOMPILE_PREFIX_HEADER = YES;
				GCC_PREFIX_HEADER = "JXAdressBookDemo/JXAdressBookDemo-Prefix.pch";
				INFOPLIST_FILE = "JXAdressBookDemoTests/JXAdressBookDemoTests-Info.plist";
				PRODUCT_NAME = "$(TARGET_NAME)";
				TEST_HOST = "$(BUNDLE_LOADER)";
				WRAPPER_EXTENSION = xctest;
			};
			name = Release;
		};
/* End XCBuildConfiguration section */

/* Begin XCConfigurationList section */
		A1C88976199DF4A800A3FEC3 /* Build configuration list for PBXProject "JXAdressBookDemo" */ = {
			isa = XCConfigurationList;
			buildConfigurations = (
				A1C889A5199DF4A900A3FEC3 /* Debug */,
				A1C889A6199DF4A900A3FEC3 /* Release */,
			);
			defaultConfigurationIsVisible = 0;
			defaultConfigurationName = Release;
		};
		A1C889A7199DF4A900A3FEC3 /* Build configuration list for PBXNativeTarget "JXAdressBookDemo" */ = {
			isa = XCConfigurationList;
			buildConfigurations = (
				A1C889A8199DF4A900A3FEC3 /* Debug */,
				A1C889A9199DF4A900A3FEC3 /* Release */,
			);
			defaultConfigurationIsVisible = 0;
			defaultConfigurationName = Release;
		};
		A1C889AA199DF4A900A3FEC3 /* Build configuration list for PBXNativeTarget "JXAdressBookDemoTests" */ = {
			isa = XCConfigurationList;
			buildConfigurations = (
				A1C889AB199DF4A900A3FEC3 /* Debug */,
				A1C889AC199DF4A900A3FEC3 /* Release */,
			);
			defaultConfigurationIsVisible = 0;
			defaultConfigurationName = Release;
		};
/* End XCConfigurationList section */
	};
	rootObject = A1C88973199DF4A800A3FEC3 /* Project object */;
}
